
Microsoft Visual Studio Solution File, Format Version 12.00
# Visual Studio Version 17
VisualStudioVersion = 17.2.32630.192
MinimumVisualStudioVersion = 10.0.40219.1
Project("{9A19103F-16F7-4668-BE54-9A1E7A4F7556}") = "Series.SQLDatabase", "Series.SQLDatabase\Series.SQLDatabase.csproj", "{B829CAAE-1EED-426A-855C-4EA734971A12}"
EndProject
Project("{FAE04EC0-301F-11D3-BF4B-00C04F79EFBC}") = "DB.Infrastructure", "DB.Infrastructure\DB.Infrastructure.csproj", "{9BC6070C-F32C-4B04-954D-C5D1F79BAFA6}"
EndProject
Global
	GlobalSection(SolutionConfigurationPlatforms) = preSolution
		Debug|Any CPU = Debug|Any CPU
		Release|Any CPU = Release|Any CPU
	EndGlobalSection
	GlobalSection(ProjectConfigurationPlatforms) = postSolution
		{B829CAAE-1EED-426A-855C-4EA734971A12}.Debug|Any CPU.ActiveCfg = Debug|Any CPU
		{B829CAAE-1EED-426A-855C-4EA734971A12}.Debug|Any CPU.Build.0 = Debug|Any CPU
		{B829CAAE-1EED-426A-855C-4EA734971A12}.Release|Any CPU.ActiveCfg = Release|Any CPU
		{B829CAAE-1EED-426A-855C-4EA734971A12}.Release|Any CPU.Build.0 = Release|Any CPU
		{9BC6070C-F32C-4B04-954D-C5D1F79BAFA6}.Debug|Any CPU.ActiveCfg = Debug|Any CPU
		{9BC6070C-F32C-4B04-954D-C5D1F79BAFA6}.Debug|Any CPU.Build.0 = Debug|Any CPU
		{9BC6070C-F32C-4B04-954D-C5D1F79BAFA6}.Release|Any CPU.ActiveCfg = Release|Any CPU
		{9BC6070C-F32C-4B04-954D-C5D1F79BAFA6}.Release|Any CPU.Build.0 = Release|Any CPU
	EndGlobalSection
	GlobalSection(SolutionProperties) = preSolution
		HideSolutionNode = FALSE
	EndGlobalSection
	GlobalSection(ExtensibilityGlobals) = postSolution
		SolutionGuid = {76A40923-73F3-4F16-8C7A-B58B5FB09424}
	EndGlobalSection
EndGlobal
